
Microsoft Visual Studio Solution File, Format Version 12.00
# Visual Studio 15
VisualStudioVersion = 15.0.26730.3
MinimumVisualStudioVersion = 10.0.40219.1
Project("{FAE04EC0-301F-11D3-BF4B-00C04F79EFBC}") = "LogService", "LogService\LogService.csproj", "{A730E829-3E5D-44AF-BC8A-145051ABE259}"
EndProject
Global
	GlobalSection(SolutionConfigurationPlatforms) = preSolution
		Debug|Any CPU = Debug|Any CPU
		Release|Any CPU = Release|Any CPU
	EndGlobalSection
	GlobalSection(ProjectConfigurationPlatforms) = postSolution
		{A730E829-3E5D-44AF-BC8A-145051ABE259}.Debug|Any CPU.ActiveCfg = Debug|Any CPU
		{A730E829-3E5D-44AF-BC8A-145051ABE259}.Debug|Any CPU.Build.0 = Debug|Any CPU
		{A730E829-3E5D-44AF-BC8A-145051ABE259}.Release|Any CPU.ActiveCfg = Release|Any CPU
		{A730E829-3E5D-44AF-BC8A-145051ABE259}.Release|Any CPU.Build.0 = Release|Any CPU
	EndGlobalSection
	GlobalSection(SolutionProperties) = preSolution
		HideSolutionNode = FALSE
	EndGlobalSection
	GlobalSection(ExtensibilityGlobals) = postSolution
		SolutionGuid = {A2F45D85-9A0F-4138-B564-01DF47996DE3}
	EndGlobalSection
EndGlobal
